
Microsoft Visual Studio Solution File, Format Version 12.00
# Visual Studio Version 16
VisualStudioVersion = 16.0.31402.337
MinimumVisualStudioVersion = 10.0.40219.1
Project("{2150E333-8FDC-42A3-9474-1A3956D46DE8}") = "1 - Services", "1 - Services", "{14580AC0-A7C9-428F-9222-B53190B65840}"
EndProject
Project("{2150E333-8FDC-42A3-9474-1A3956D46DE8}") = "2 - Application", "2 - Application", "{7AE16C92-60D4-4627-A483-711AAAB11861}"
EndProject
Project("{2150E333-8FDC-42A3-9474-1A3956D46DE8}") = "3 - Domain", "3 - Domain", "{17A9E8FA-619A-4FDA-BA7B-1AD3AB2E96DE}"
EndProject
Project("{2150E333-8FDC-42A3-9474-1A3956D46DE8}") = "4 - Infrastructure", "4 - Infrastructure", "{03C5D038-544F-4960-BDD8-48EF5C5419CC}"
EndProject
Project("{FAE04EC0-301F-11D3-BF4B-00C04F79EFBC}") = "ProJur.Api", "ProJur.Api\ProJur.Api.csproj", "{018828A6-2197-4E1D-89BF-4734F05C2593}"
EndProject
Project("{FAE04EC0-301F-11D3-BF4B-00C04F79EFBC}") = "ProJur.Application", "ProJur.Application\ProJur.Application.csproj", "{473A6F73-4E0F-4EC9-9955-DAB7B9F38B84}"
EndProject
Project("{FAE04EC0-301F-11D3-BF4B-00C04F79EFBC}") = "ProJur.Domain", "ProJur.Domain\ProJur.Domain.csproj", "{BAB0E22F-A480-46D0-A3FF-EBE23B71E88D}"
EndProject
Project("{FAE04EC0-301F-11D3-BF4B-00C04F79EFBC}") = "ProJur.Domain.Core", "ProJur.Domain.Core\ProJur.Domain.Core.csproj", "{581BD199-7FA2-4852-AE75-79EC4E987A5C}"
EndProject
Project("{FAE04EC0-301F-11D3-BF4B-00C04F79EFBC}") = "ProJur.Domain.Services", "ProJur.Domain.Services\ProJur.Domain.Services.csproj", "{34E650DF-9114-4CD2-861C-D33BCEC23BD5}"
EndProject
Project("{FAE04EC0-301F-11D3-BF4B-00C04F79EFBC}") = "ProJur.Infrastructure", "ProJur.Infrastructure\ProJur.Infrastructure.csproj", "{5CE154FB-60AD-42EE-BFA0-81A7F179B1BB}"
EndProject
Global
	GlobalSection(SolutionConfigurationPlatforms) = preSolution
		Debug|Any CPU = Debug|Any CPU
		Release|Any CPU = Release|Any CPU
	EndGlobalSection
	GlobalSection(ProjectConfigurationPlatforms) = postSolution
		{018828A6-2197-4E1D-89BF-4734F05C2593}.Debug|Any CPU.ActiveCfg = Debug|Any CPU
		{018828A6-2197-4E1D-89BF-4734F05C2593}.Debug|Any CPU.Build.0 = Debug|Any CPU
		{018828A6-2197-4E1D-89BF-4734F05C2593}.Release|Any CPU.ActiveCfg = Release|Any CPU
		{018828A6-2197-4E1D-89BF-4734F05C2593}.Release|Any CPU.Build.0 = Release|Any CPU
		{473A6F73-4E0F-4EC9-9955-DAB7B9F38B84}.Debug|Any CPU.ActiveCfg = Debug|Any CPU
		{473A6F73-4E0F-4EC9-9955-DAB7B9F38B84}.Debug|Any CPU.Build.0 = Debug|Any CPU
		{473A6F73-4E0F-4EC9-9955-DAB7B9F38B84}.Release|Any CPU.ActiveCfg = Release|Any CPU
		{473A6F73-4E0F-4EC9-9955-DAB7B9F38B84}.Release|Any CPU.Build.0 = Release|Any CPU
		{BAB0E22F-A480-46D0-A3FF-EBE23B71E88D}.Debug|Any CPU.ActiveCfg = Debug|Any CPU
		{BAB0E22F-A480-46D0-A3FF-EBE23B71E88D}.Debug|Any CPU.Build.0 = Debug|Any CPU
		{BAB0E22F-A480-46D0-A3FF-EBE23B71E88D}.Release|Any CPU.ActiveCfg = Release|Any CPU
		{BAB0E22F-A480-46D0-A3FF-EBE23B71E88D}.Release|Any CPU.Build.0 = Release|Any CPU
		{581BD199-7FA2-4852-AE75-79EC4E987A5C}.Debug|Any CPU.ActiveCfg = Debug|Any CPU
		{581BD199-7FA2-4852-AE75-79EC4E987A5C}.Debug|Any CPU.Build.0 = Debug|Any CPU
		{581BD199-7FA2-4852-AE75-79EC4E987A5C}.Release|Any CPU.ActiveCfg = Release|Any CPU
		{581BD199-7FA2-4852-AE75-79EC4E987A5C}.Release|Any CPU.Build.0 = Release|Any CPU
		{34E650DF-9114-4CD2-861C-D33BCEC23BD5}.Debug|Any CPU.ActiveCfg = Debug|Any CPU
		{34E650DF-9114-4CD2-861C-D33BCEC23BD5}.Debug|Any CPU.Build.0 = Debug|Any CPU
		{34E650DF-9114-4CD2-861C-D33BCEC23BD5}.Release|Any CPU.ActiveCfg = Release|Any CPU
		{34E650DF-9114-4CD2-861C-D33BCEC23BD5}.Release|Any CPU.Build.0 = Release|Any CPU
		{5CE154FB-60AD-42EE-BFA0-81A7F179B1BB}.Debug|Any CPU.ActiveCfg = Debug|Any CPU
		{5CE154FB-60AD-42EE-BFA0-81A7F179B1BB}.Debug|Any CPU.Build.0 = Debug|Any CPU
		{5CE154FB-60AD-42EE-BFA0-81A7F179B1BB}.Release|Any CPU.ActiveCfg = Release|Any CPU
		{5CE154FB-60AD-42EE-BFA0-81A7F179B1BB}.Release|Any CPU.Build.0 = Release|Any CPU
	EndGlobalSection
	GlobalSection(SolutionProperties) = preSolution
		HideSolutionNode = FALSE
	EndGlobalSection
	GlobalSection(NestedProjects) = preSolution
		{018828A6-2197-4E1D-89BF-4734F05C2593} = {14580AC0-A7C9-428F-9222-B53190B65840}
		{473A6F73-4E0F-4EC9-9955-DAB7B9F38B84} = {7AE16C92-60D4-4627-A483-711AAAB11861}
		{BAB0E22F-A480-46D0-A3FF-EBE23B71E88D} = {17A9E8FA-619A-4FDA-BA7B-1AD3AB2E96DE}
		{581BD199-7FA2-4852-AE75-79EC4E987A5C} = {17A9E8FA-619A-4FDA-BA7B-1AD3AB2E96DE}
		{34E650DF-9114-4CD2-861C-D33BCEC23BD5} = {17A9E8FA-619A-4FDA-BA7B-1AD3AB2E96DE}
		{5CE154FB-60AD-42EE-BFA0-81A7F179B1BB} = {03C5D038-544F-4960-BDD8-48EF5C5419CC}
	EndGlobalSection
	GlobalSection(ExtensibilityGlobals) = postSolution
		SolutionGuid = {722554EB-4F6B-4D42-A9AF-679574CCA712}
	EndGlobalSection
EndGlobal
